
Microsoft Visual Studio Solution File, Format Version 12.00
# Visual Studio Version 17
VisualStudioVersion = 17.7.34221.43
MinimumVisualStudioVersion = 10.0.40219.1
Project("{FAE04EC0-301F-11D3-BF4B-00C04F79EFBC}") = "ConsoleAppAssignment", "ConsoleAppAssignment\ConsoleAppAssignment.csproj", "{B0C41344-910B-4172-B8C6-7AA20AB90D7D}"
EndProject
Global
	GlobalSection(SolutionConfigurationPlatforms) = preSolution
		Debug|Any CPU = Debug|Any CPU
		Release|Any CPU = Release|Any CPU
	EndGlobalSection
	GlobalSection(ProjectConfigurationPlatforms) = postSolution
		{B0C41344-910B-4172-B8C6-7AA20AB90D7D}.Debug|Any CPU.ActiveCfg = Debug|Any CPU
		{B0C41344-910B-4172-B8C6-7AA20AB90D7D}.Debug|Any CPU.Build.0 = Debug|Any CPU
		{B0C41344-910B-4172-B8C6-7AA20AB90D7D}.Release|Any CPU.ActiveCfg = Release|Any CPU
		{B0C41344-910B-4172-B8C6-7AA20AB90D7D}.Release|Any CPU.Build.0 = Release|Any CPU
	EndGlobalSection
	GlobalSection(SolutionProperties) = preSolution
		HideSolutionNode = FALSE
	EndGlobalSection
	GlobalSection(ExtensibilityGlobals) = postSolution
		SolutionGuid = {45F522F8-F1F4-4E95-ACDE-90CF9371FDF3}
	EndGlobalSection
EndGlobal
